{
  "name": "clouddia",
  "version": "0.3.0",
  "lockfileVersion": 1,
  "requires": true,
  "dependencies": {
    "@babel/code-frame": {
      "version": "7.5.5",
      "dev": true,
      "requires": {
        "@babel/highlight": "^7.0.0"
      }
    },
    "@babel/highlight": {
      "version": "7.5.0",
      "dev": true,
      "requires": {
        "chalk": "^2.0.0",
        "esutils": "^2.0.2",
        "js-tokens": "^4.0.0"
      }
    },
    "@types/eslint-visitor-keys": {
      "version": "1.0.0",
      "dev": true
    },
    "@types/json-schema": {
      "version": "7.0.3",
      "dev": true
    },
    "@typescript-eslint/eslint-plugin": {
      "version": "2.0.0",
      "dev": true,
      "requires": {
        "@typescript-eslint/experimental-utils": "2.0.0",
        "eslint-utils": "^1.4.0",
        "functional-red-black-tree": "^1.0.1",
        "regexpp": "^2.0.1",
        "tsutils": "^3.14.0"
      },
      "dependencies": {
        "tsutils": {
          "version": "3.17.1",
          "dev": true,
          "requires": {
            "tslib": "^1.8.1"
          }
        }
      }
    },
    "@typescript-eslint/experimental-utils": {
      "version": "2.0.0",
      "dev": true,
      "requires": {
        "@types/json-schema": "^7.0.3",
        "@typescript-eslint/typescript-estree": "2.0.0",
        "eslint-scope": "^4.0.0"
      },
      "dependencies": {
        "eslint-scope": {
          "version": "4.0.3",
          "dev": true,
          "requires": {
            "esrecurse": "^4.1.0",
            "estraverse": "^4.1.1"
          }
        }
      }
    },
    "@typescript-eslint/parser": {
      "version": "2.0.0",
      "dev": true,
      "requires": {
        "@types/eslint-visitor-keys": "^1.0.0",
        "@typescript-eslint/experimental-utils": "2.0.0",
        "@typescript-eslint/typescript-estree": "2.0.0",
        "eslint-visitor-keys": "^1.0.0"
      }
    },
    "@typescript-eslint/typescript-estree": {
      "version": "2.0.0",
      "dev": true,
      "requires": {
        "lodash.unescape": "4.0.1",
        "semver": "^6.2.0"
      },
      "dependencies": {
        "semver": {
          "version": "6.3.0",
          "dev": true
        }
      }
    },
    "acorn": {
      "version": "7.0.0",
      "dev": true
    },
    "acorn-jsx": {
      "version": "5.0.2",
      "dev": true
    },
    "ajv": {
      "version": "6.10.2",
      "dev": true,
      "requires": {
        "fast-deep-equal": "^2.0.1",
        "fast-json-stable-stringify": "^2.0.0",
        "json-schema-traverse": "^0.4.1",
        "uri-js": "^4.2.2"
      }
    },
    "ansi-escapes": {
      "version": "3.2.0",
      "dev": true
    },
    "ansi-regex": {
      "version": "4.1.0",
      "dev": true
    },
    "ansi-styles": {
      "version": "3.2.1",
      "dev": true,
      "requires": {
        "color-convert": "^1.9.0"
      }
    },
    "arg": {
      "version": "4.1.1",
      "dev": true
    },
    "argparse": {
      "version": "1.0.10",
      "dev": true,
      "requires": {
        "sprintf-js": "~1.0.2"
      }
    },
    "array-includes": {
      "version": "3.0.3",
      "dev": true,
      "requires": {
        "define-properties": "^1.1.2",
        "es-abstract": "^1.7.0"
      }
    },
    "astral-regex": {
      "version": "1.0.0",
      "dev": true
    },
    "balanced-match": {
      "version": "1.0.0",
      "dev": true
    },
    "brace-expansion": {
      "version": "1.1.11",
      "dev": true,
      "requires": {
        "balanced-match": "^1.0.0",
        "concat-map": "0.0.1"
      }
    },
    "buffer-from": {
      "version": "1.1.1",
      "dev": true
    },
    "builtin-modules": {
      "version": "1.1.1",
      "dev": true
    },
    "callsites": {
      "version": "3.1.0",
      "dev": true
    },
    "chalk": {
      "version": "2.4.2",
      "dev": true,
      "requires": {
        "ansi-styles": "^3.2.1",
        "escape-string-regexp": "^1.0.5",
        "supports-color": "^5.3.0"
      }
    },
    "chardet": {
      "version": "0.7.0",
      "dev": true
    },
    "cli-cursor": {
      "version": "2.1.0",
      "dev": true,
      "requires": {
        "restore-cursor": "^2.0.0"
      }
    },
    "cli-width": {
      "version": "2.2.0",
      "dev": true
    },
    "color-convert": {
      "version": "1.9.3",
      "dev": true,
      "requires": {
        "color-name": "1.1.3"
      }
    },
    "color-name": {
      "version": "1.1.3",
      "dev": true
    },
    "commander": {
      "version": "2.20.0",
      "dev": true
    },
    "concat-map": {
      "version": "0.0.1",
      "dev": true
    },
    "cross-spawn": {
      "version": "6.0.5",
      "dev": true,
      "requires": {
        "nice-try": "^1.0.4",
        "path-key": "^2.0.1",
        "semver": "^5.5.0",
        "shebang-command": "^1.2.0",
        "which": "^1.2.9"
      }
    },
    "debug": {
      "version": "4.1.1",
      "dev": true,
      "requires": {
        "ms": "^2.1.1"
      }
    },
    "deep-is": {
      "version": "0.1.3",
      "dev": true
    },
    "define-properties": {
      "version": "1.1.3",
      "dev": true,
      "requires": {
        "object-keys": "^1.0.12"
      }
    },
    "diff": {
      "version": "3.5.0",
      "dev": true
    },
    "doctrine": {
      "version": "2.1.0",
      "dev": true,
      "requires": {
        "esutils": "^2.0.2"
      }
    },
    "emoji-regex": {
      "version": "7.0.3",
      "dev": true
    },
    "es-abstract": {
      "version": "1.13.0",
      "dev": true,
      "requires": {
        "es-to-primitive": "^1.2.0",
        "function-bind": "^1.1.1",
        "has": "^1.0.3",
        "is-callable": "^1.1.4",
        "is-regex": "^1.0.4",
        "object-keys": "^1.0.12"
      }
    },
    "es-to-primitive": {
      "version": "1.2.0",
      "dev": true,
      "requires": {
        "is-callable": "^1.1.4",
        "is-date-object": "^1.0.1",
        "is-symbol": "^1.0.2"
      }
    },
    "escape-string-regexp": {
      "version": "1.0.5",
      "dev": true
    },
    "eslint": {
      "version": "6.2.2",
      "dev": true,
      "requires": {
        "@babel/code-frame": "^7.0.0",
        "ajv": "^6.10.0",
        "chalk": "^2.1.0",
        "cross-spawn": "^6.0.5",
        "debug": "^4.0.1",
        "doctrine": "^3.0.0",
        "eslint-scope": "^5.0.0",
        "eslint-utils": "^1.4.2",
        "eslint-visitor-keys": "^1.1.0",
        "espree": "^6.1.1",
        "esquery": "^1.0.1",
        "esutils": "^2.0.2",
        "file-entry-cache": "^5.0.1",
        "functional-red-black-tree": "^1.0.1",
        "glob-parent": "^5.0.0",
        "globals": "^11.7.0",
        "ignore": "^4.0.6",
        "import-fresh": "^3.0.0",
        "imurmurhash": "^0.1.4",
        "inquirer": "^6.4.1",
        "is-glob": "^4.0.0",
        "js-yaml": "^3.13.1",
        "json-stable-stringify-without-jsonify": "^1.0.1",
        "levn": "^0.3.0",
        "lodash": "^4.17.14",
        "minimatch": "^3.0.4",
        "mkdirp": "^0.5.1",
        "natural-compare": "^1.4.0",
        "optionator": "^0.8.2",
        "progress": "^2.0.0",
        "regexpp": "^2.0.1",
        "semver": "^6.1.2",
        "strip-ansi": "^5.2.0",
        "strip-json-comments": "^3.0.1",
        "table": "^5.2.3",
        "text-table": "^0.2.0",
        "v8-compile-cache": "^2.0.3"
      },
      "dependencies": {
        "doctrine": {
          "version": "3.0.0",
          "dev": true,
          "requires": {
            "esutils": "^2.0.2"
          }
        },
        "semver": {
          "version": "6.3.0",
          "dev": true
        }
      }
    },
    "eslint-config-prettier": {
      "version": "6.1.0",
      "dev": true,
      "requires": {
        "get-stdin": "^6.0.0"
      }
    },
    "eslint-plugin-prettier": {
      "version": "3.1.0",
      "dev": true,
      "requires": {
        "prettier-linter-helpers": "^1.0.0"
      }
    },
    "eslint-plugin-react": {
      "version": "7.14.3",
      "dev": true,
      "requires": {
        "array-includes": "^3.0.3",
        "doctrine": "^2.1.0",
        "has": "^1.0.3",
        "jsx-ast-utils": "^2.1.0",
        "object.entries": "^1.1.0",
        "object.fromentries": "^2.0.0",
        "object.values": "^1.1.0",
        "prop-types": "^15.7.2",
        "resolve": "^1.10.1"
      }
    },
    "eslint-scope": {
      "version": "5.0.0",
      "dev": true,
      "requires": {
        "esrecurse": "^4.1.0",
        "estraverse": "^4.1.1"
      }
    },
    "eslint-utils": {
      "version": "1.4.2",
      "dev": true,
      "requires": {
        "eslint-visitor-keys": "^1.0.0"
      }
    },
    "eslint-visitor-keys": {
      "version": "1.1.0",
      "dev": true
    },
    "espree": {
      "version": "6.1.1",
      "dev": true,
      "requires": {
        "acorn": "^7.0.0",
        "acorn-jsx": "^5.0.2",
        "eslint-visitor-keys": "^1.1.0"
      }
    },
    "esprima": {
      "version": "4.0.1",
      "dev": true
    },
    "esquery": {
      "version": "1.0.1",
      "dev": true,
      "requires": {
        "estraverse": "^4.0.0"
      }
    },
    "esrecurse": {
      "version": "4.2.1",
      "dev": true,
      "requires": {
        "estraverse": "^4.1.0"
      }
    },
    "estraverse": {
      "version": "4.3.0",
      "dev": true
    },
    "esutils": {
      "version": "2.0.3",
      "dev": true
    },
    "external-editor": {
      "version": "3.1.0",
      "dev": true,
      "requires": {
        "chardet": "^0.7.0",
        "iconv-lite": "^0.4.24",
        "tmp": "^0.0.33"
      }
    },
    "fast-deep-equal": {
      "version": "2.0.1",
      "dev": true
    },
    "fast-diff": {
      "version": "1.2.0",
      "dev": true
    },
    "fast-json-stable-stringify": {
      "version": "2.0.0",
      "dev": true
    },
    "fast-levenshtein": {
      "version": "2.0.6",
      "dev": true
    },
    "figures": {
      "version": "2.0.0",
      "dev": true,
      "requires": {
        "escape-string-regexp": "^1.0.5"
      }
    },
    "file-entry-cache": {
      "version": "5.0.1",
      "dev": true,
      "requires": {
        "flat-cache": "^2.0.1"
      }
    },
    "flat-cache": {
      "version": "2.0.1",
      "dev": true,
      "requires": {
        "flatted": "^2.0.0",
        "rimraf": "2.6.3",
        "write": "1.0.3"
      }
    },
    "flatted": {
      "version": "2.0.1",
      "dev": true
    },
    "fs.realpath": {
      "version": "1.0.0",
      "dev": true
    },
    "function-bind": {
      "version": "1.1.1",
      "dev": true
    },
    "functional-red-black-tree": {
      "version": "1.0.1",
      "dev": true
    },
    "get-stdin": {
      "version": "6.0.0",
      "dev": true
    },
    "glob": {
      "version": "7.1.4",
      "dev": true,
      "requires": {
        "fs.realpath": "^1.0.0",
        "inflight": "^1.0.4",
        "inherits": "2",
        "minimatch": "^3.0.4",
        "once": "^1.3.0",
        "path-is-absolute": "^1.0.0"
      }
    },
    "glob-parent": {
      "version": "5.0.0",
      "dev": true,
      "requires": {
        "is-glob": "^4.0.1"
      }
    },
    "globals": {
      "version": "11.12.0",
      "dev": true
    },
    "has": {
      "version": "1.0.3",
      "dev": true,
      "requires": {
        "function-bind": "^1.1.1"
      }
    },
    "has-flag": {
      "version": "3.0.0",
      "dev": true
    },
    "has-symbols": {
      "version": "1.0.0",
      "dev": true
    },
    "iconv-lite": {
      "version": "0.4.24",
      "dev": true,
      "requires": {
        "safer-buffer": ">= 2.1.2 < 3"
      }
    },
    "ignore": {
      "version": "4.0.6",
      "dev": true
    },
    "import-fresh": {
      "version": "3.1.0",
      "dev": true,
      "requires": {
        "parent-module": "^1.0.0",
        "resolve-from": "^4.0.0"
      }
    },
    "imurmurhash": {
      "version": "0.1.4",
      "dev": true
    },
    "inflight": {
      "version": "1.0.6",
      "dev": true,
      "requires": {
        "once": "^1.3.0",
        "wrappy": "1"
      }
    },
    "inherits": {
      "version": "2.0.4",
      "dev": true
    },
    "inquirer": {
      "version": "6.5.2",
      "dev": true,
      "requires": {
        "ansi-escapes": "^3.2.0",
        "chalk": "^2.4.2",
        "cli-cursor": "^2.1.0",
        "cli-width": "^2.0.0",
        "external-editor": "^3.0.3",
        "figures": "^2.0.0",
        "lodash": "^4.17.12",
        "mute-stream": "0.0.7",
        "run-async": "^2.2.0",
        "rxjs": "^6.4.0",
        "string-width": "^2.1.0",
        "strip-ansi": "^5.1.0",
        "through": "^2.3.6"
      }
    },
    "is-callable": {
      "version": "1.1.4",
      "dev": true
    },
    "is-date-object": {
      "version": "1.0.1",
      "dev": true
    },
    "is-extglob": {
      "version": "2.1.1",
      "dev": true
    },
    "is-fullwidth-code-point": {
      "version": "2.0.0",
      "dev": true
    },
    "is-glob": {
      "version": "4.0.1",
      "dev": true,
      "requires": {
        "is-extglob": "^2.1.1"
      }
    },
    "is-promise": {
      "version": "2.1.0",
      "dev": true
    },
    "is-regex": {
      "version": "1.0.4",
      "dev": true,
      "requires": {
        "has": "^1.0.1"
      }
    },
    "is-symbol": {
      "version": "1.0.2",
      "dev": true,
      "requires": {
        "has-symbols": "^1.0.0"
      }
    },
    "isexe": {
      "version": "2.0.0",
      "dev": true
    },
    "js-tokens": {
      "version": "4.0.0",
      "dev": true
    },
    "js-yaml": {
      "version": "3.13.1",
      "dev": true,
      "requires": {
        "argparse": "^1.0.7",
        "esprima": "^4.0.0"
      }
    },
    "json-schema-traverse": {
      "version": "0.4.1",
      "dev": true
    },
    "json-stable-stringify-without-jsonify": {
      "version": "1.0.1",
      "dev": true
    },
    "jsx-ast-utils": {
      "version": "2.2.1",
      "dev": true,
      "requires": {
        "array-includes": "^3.0.3",
        "object.assign": "^4.1.0"
      }
    },
    "levn": {
      "version": "0.3.0",
      "dev": true,
      "requires": {
        "prelude-ls": "~1.1.2",
        "type-check": "~0.3.2"
      }
    },
    "lodash": {
      "version": "4.17.15",
      "dev": true
    },
    "lodash.unescape": {
      "version": "4.0.1",
      "dev": true
    },
    "loose-envify": {
      "version": "1.4.0",
      "dev": true,
      "requires": {
        "js-tokens": "^3.0.0 || ^4.0.0"
      }
    },
    "make-error": {
      "version": "1.3.5",
      "dev": true
    },
    "mimic-fn": {
      "version": "1.2.0",
      "dev": true
    },
    "minimatch": {
      "version": "3.0.4",
      "dev": true,
      "requires": {
        "brace-expansion": "^1.1.7"
      }
    },
    "minimist": {
      "version": "0.0.8",
      "dev": true
    },
    "mkdirp": {
      "version": "0.5.1",
      "dev": true,
      "requires": {
        "minimist": "0.0.8"
      }
    },
    "ms": {
      "version": "2.1.2",
      "dev": true
    },
    "mute-stream": {
      "version": "0.0.7",
      "dev": true
    },
    "natural-compare": {
      "version": "1.4.0",
      "dev": true
    },
    "nice-try": {
      "version": "1.0.5",
      "dev": true
    },
    "object-assign": {
      "version": "4.1.1",
      "dev": true
    },
    "object-keys": {
      "version": "1.1.1",
      "dev": true
    },
    "object.assign": {
      "version": "4.1.0",
      "dev": true,
      "requires": {
        "define-properties": "^1.1.2",
        "function-bind": "^1.1.1",
        "has-symbols": "^1.0.0",
        "object-keys": "^1.0.11"
      }
    },
    "object.entries": {
      "version": "1.1.0",
      "dev": true,
      "requires": {
        "define-properties": "^1.1.3",
        "es-abstract": "^1.12.0",
        "function-bind": "^1.1.1",
        "has": "^1.0.3"
      }
    },
    "object.fromentries": {
      "version": "2.0.0",
      "dev": true,
      "requires": {
        "define-properties": "^1.1.2",
        "es-abstract": "^1.11.0",
        "function-bind": "^1.1.1",
        "has": "^1.0.1"
      }
    },
    "object.values": {
      "version": "1.1.0",
      "dev": true,
      "requires": {
        "define-properties": "^1.1.3",
        "es-abstract": "^1.12.0",
        "function-bind": "^1.1.1",
        "has": "^1.0.3"
      }
    },
    "once": {
      "version": "1.4.0",
      "dev": true,
      "requires": {
        "wrappy": "1"
      }
    },
    "onetime": {
      "version": "2.0.1",
      "dev": true,
      "requires": {
        "mimic-fn": "^1.0.0"
      }
    },
    "optionator": {
      "version": "0.8.2",
      "dev": true,
      "requires": {
        "deep-is": "~0.1.3",
        "fast-levenshtein": "~2.0.4",
        "levn": "~0.3.0",
        "prelude-ls": "~1.1.2",
        "type-check": "~0.3.2",
        "wordwrap": "~1.0.0"
      }
    },
    "os-tmpdir": {
      "version": "1.0.2",
      "dev": true
    },
    "parent-module": {
      "version": "1.0.1",
      "dev": true,
      "requires": {
        "callsites": "^3.0.0"
      }
    },
    "path-is-absolute": {
      "version": "1.0.1",
      "dev": true
    },
    "path-key": {
      "version": "2.0.1",
      "dev": true
    },
    "path-parse": {
      "version": "1.0.6",
      "dev": true
    },
    "prelude-ls": {
      "version": "1.1.2",
      "dev": true
    },
    "prettier": {
      "version": "1.18.2",
      "dev": true
    },
    "prettier-linter-helpers": {
      "version": "1.0.0",
      "dev": true,
      "requires": {
        "fast-diff": "^1.1.2"
      }
    },
    "progress": {
      "version": "2.0.3",
      "dev": true
    },
    "prop-types": {
      "version": "15.7.2",
      "dev": true,
      "requires": {
        "loose-envify": "^1.4.0",
        "object-assign": "^4.1.1",
        "react-is": "^16.8.1"
      }
    },
    "punycode": {
      "version": "2.1.1",
      "dev": true
    },
    "react-is": {
      "version": "16.9.0",
      "dev": true
    },
    "regexpp": {
      "version": "2.0.1",
      "dev": true
    },
    "resolve": {
      "version": "1.12.0",
      "dev": true,
      "requires": {
        "path-parse": "^1.0.6"
      }
    },
    "resolve-from": {
      "version": "4.0.0",
      "dev": true
    },
    "restore-cursor": {
      "version": "2.0.0",
      "dev": true,
      "requires": {
        "onetime": "^2.0.0",
        "signal-exit": "^3.0.2"
      }
    },
    "rimraf": {
      "version": "2.6.3",
      "dev": true,
      "requires": {
        "glob": "^7.1.3"
      }
    },
    "run-async": {
      "version": "2.3.0",
      "dev": true,
      "requires": {
        "is-promise": "^2.1.0"
      }
    },
    "rxjs": {
      "version": "6.5.2",
      "dev": true,
      "requires": {
        "tslib": "^1.9.0"
      }
    },
    "safer-buffer": {
      "version": "2.1.2",
      "dev": true
    },
    "semver": {
      "version": "5.7.1",
      "dev": true
    },
    "shebang-command": {
      "version": "1.2.0",
      "dev": true,
      "requires": {
        "shebang-regex": "^1.0.0"
      }
    },
    "shebang-regex": {
      "version": "1.0.0",
      "dev": true
    },
    "signal-exit": {
      "version": "3.0.2",
      "dev": true
    },
    "slice-ansi": {
      "version": "2.1.0",
      "dev": true,
      "requires": {
        "ansi-styles": "^3.2.0",
        "astral-regex": "^1.0.0",
        "is-fullwidth-code-point": "^2.0.0"
      }
    },
    "source-map": {
      "version": "0.6.1",
      "dev": true
    },
    "source-map-support": {
      "version": "0.5.13",
      "dev": true,
      "requires": {
        "buffer-from": "^1.0.0",
        "source-map": "^0.6.0"
      }
    },
    "sprintf-js": {
      "version": "1.0.3",
      "dev": true
    },
    "string-width": {
      "version": "2.1.1",
      "dev": true,
      "requires": {
        "is-fullwidth-code-point": "^2.0.0",
        "strip-ansi": "^4.0.0"
      },
      "dependencies": {
        "ansi-regex": {
          "version": "3.0.0",
          "dev": true
        },
        "strip-ansi": {
          "version": "4.0.0",
          "dev": true,
          "requires": {
            "ansi-regex": "^3.0.0"
          }
        }
      }
    },
    "strip-ansi": {
      "version": "5.2.0",
      "dev": true,
      "requires": {
        "ansi-regex": "^4.1.0"
      }
    },
    "strip-json-comments": {
      "version": "3.0.1",
      "dev": true
    },
    "supports-color": {
      "version": "5.5.0",
      "dev": true,
      "requires": {
        "has-flag": "^3.0.0"
      }
    },
    "table": {
      "version": "5.4.6",
      "dev": true,
      "requires": {
        "ajv": "^6.10.2",
        "lodash": "^4.17.14",
        "slice-ansi": "^2.1.0",
        "string-width": "^3.0.0"
      },
      "dependencies": {
        "string-width": {
          "version": "3.1.0",
          "dev": true,
          "requires": {
            "emoji-regex": "^7.0.1",
            "is-fullwidth-code-point": "^2.0.0",
            "strip-ansi": "^5.1.0"
          }
        }
      }
    },
    "text-table": {
      "version": "0.2.0",
      "dev": true
    },
    "through": {
      "version": "2.3.8",
      "dev": true
    },
    "tmp": {
      "version": "0.0.33",
      "dev": true,
      "requires": {
        "os-tmpdir": "~1.0.2"
      }
    },
    "ts-node": {
      "version": "8.3.0",
      "dev": true,
      "requires": {
        "arg": "^4.1.0",
        "diff": "^4.0.1",
        "make-error": "^1.1.1",
        "source-map-support": "^0.5.6",
        "yn": "^3.0.0"
      },
      "dependencies": {
        "diff": {
          "version": "4.0.1",
          "dev": true
        }
      }
    },
    "tslib": {
      "version": "1.10.0",
      "dev": true
    },
    "tslint": {
      "version": "5.19.0",
      "dev": true,
      "requires": {
        "@babel/code-frame": "^7.0.0",
        "builtin-modules": "^1.1.1",
        "chalk": "^2.3.0",
        "commander": "^2.12.1",
        "diff": "^3.2.0",
        "glob": "^7.1.1",
        "js-yaml": "^3.13.1",
        "minimatch": "^3.0.4",
        "mkdirp": "^0.5.1",
        "resolve": "^1.3.2",
        "semver": "^5.3.0",
        "tslib": "^1.8.0",
        "tsutils": "^2.29.0"
      }
    },
    "tsutils": {
      "version": "2.29.0",
      "dev": true,
      "requires": {
        "tslib": "^1.8.1"
      }
    },
    "type-check": {
      "version": "0.3.2",
      "dev": true,
      "requires": {
        "prelude-ls": "~1.1.2"
      }
    },
    "typescript": {
      "version": "3.6.2",
      "dev": true
    },
    "uri-js": {
      "version": "4.2.2",
      "dev": true,
      "requires": {
        "punycode": "^2.1.0"
      }
    },
    "v8-compile-cache": {
      "version": "2.1.0",
      "dev": true
    },
    "which": {
      "version": "1.3.1",
      "dev": true,
      "requires": {
        "isexe": "^2.0.0"
      }
    },
    "wordwrap": {
      "version": "1.0.0",
      "dev": true
    },
    "wrappy": {
      "version": "1.0.2",
      "dev": true
    },
    "write": {
      "version": "1.0.3",
      "dev": true,
      "requires": {
        "mkdirp": "^0.5.1"
      }
    },
    "yn": {
      "version": "3.1.1",
      "dev": true
    }
  }
}
